schema: '2.0'
stages:
  stage_01:
    cmd: python stage_01.py
    deps:
    - path: stage_01.py
      md5: 1a789255abdb3055700d0b1b0f41088b
      size: 74
    outs:
    - path: artifect01.txt
      md5: 7e6214bb528dd69609564aa1392a7e53
      size: 8
  stage_02:
    cmd: python stage_02.py
    deps:
    - path: artifect01.txt
      md5: 7e6214bb528dd69609564aa1392a7e53
      size: 8
    - path: stage_02.py
      md5: 8be566787c28431c5fdc4b54be9856d8
      size: 94
  stage_03:
    cmd: python stage_03.py
    deps:
    - path: artifect01.txt
      md5: 7e6214bb528dd69609564aa1392a7e53
      size: 8
    - path: stage_03.py
      md5: 488c2d31e889890b73e3cc8937e8face
      size: 181
    outs:
    - path: artifect02.txt
      md5: 256a1f6cb5afb6cf2e23e0f94bfe4925
      size: 18
